<?xml version="1.0" encoding="utf-8"?>
<Project ToolsVersion="4.0" xmlns="http://schemas.microsoft.com/developer/msbuild/2003">
  <ItemGroup>
    <Filter Include="Source Files">
      <UniqueIdentifier>{4FC737F1-C7A5-4376-A066-2A32D752A2FF}</UniqueIdentifier>
      <Extensions>cpp;c;cc;cxx;def;odl;idl;hpj;bat;asm;asmx</Extensions>
    </Filter>
    <Filter Include="Header Files">
      <UniqueIdentifier>{93995380-89BD-4b04-88EB-625FBE52EBFB}</UniqueIdentifier>
      <Extensions>h;hpp;hxx;hm;inl;inc;xsd</Extensions>
    </Filter>
    <Filter Include="Resource Files">
      <UniqueIdentifier>{67DA6AB6-F800-4c08-8B7A-83BB121AAD01}</UniqueIdentifier>
      <Extensions>rc;ico;cur;bmp;dlg;rc2;rct;bin;rgs;gif;jpg;jpeg;jpe;resx;tiff;tif;png;wav;mfcribbon-ms</Extensions>
    </Filter>
  </ItemGroup>
  <ItemGroup>
    <None Include="Abc.FMP">
      <Filter>Resource Files</Filter>
    </None>
    <None Include="BabyMario 120.png">
      <Filter>Resource Files</Filter>
    </None>
    <None Include="Goomba 120.png">
      <Filter>Resource Files</Filter>
    </None>
    <None Include="RESOURCES\Arial.ttf">
      <Filter>Resource Files</Filter>
    </None>
    <None Include="RESOURCES\DeadQuestion 50x100.png">
      <Filter>Resource Files</Filter>
    </None>
  </ItemGroup>
  <ItemGroup>
    <ClCompile Include="CPPFILES\Score.cpp">
      <Filter>Source Files</Filter>
    </ClCompile>
    <ClCompile Include="CPPFILES\Sound.cpp">
      <Filter>Source Files</Filter>
    </ClCompile>
    <ClCompile Include="CPPFILES\State.cpp">
      <Filter>Source Files</Filter>
    </ClCompile>
    <ClCompile Include="CPPFILES\Timer.cpp">
      <Filter>Source Files</Filter>
    </ClCompile>
    <ClCompile Include="CPPFILES\cheatsheet.cpp">
      <Filter>Source Files</Filter>
    </ClCompile>
    <ClCompile Include="CPPFILES\Collision.cpp">
      <Filter>Source Files</Filter>
    </ClCompile>
    <ClCompile Include="CPPFILES\Database.cpp">
      <Filter>Source Files</Filter>
    </ClCompile>
    <ClCompile Include="CPPFILES\Display.cpp">
      <Filter>Source Files</Filter>
    </ClCompile>
    <ClCompile Include="CPPFILES\Enemy.cpp">
      <Filter>Source Files</Filter>
    </ClCompile>
    <ClCompile Include="CPPFILES\GameObject.cpp">
      <Filter>Source Files</Filter>
    </ClCompile>
    <ClCompile Include="CPPFILES\Keyboard.cpp">
      <Filter>Source Files</Filter>
    </ClCompile>
    <ClCompile Include="CPPFILES\mappy_A5.c">
      <Filter>Source Files</Filter>
    </ClCompile>
    <ClCompile Include="CPPFILES\Mario.cpp">
      <Filter>Source Files</Filter>
    </ClCompile>
    <ClCompile Include="CPPFILES\MarioApp.cpp">
      <Filter>Source Files</Filter>
    </ClCompile>
    <ClCompile Include="CPPFILES\Player.cpp">
      <Filter>Source Files</Filter>
    </ClCompile>
    <ClCompile Include="CPPFILES\PowerUp.cpp">
      <Filter>Source Files</Filter>
    </ClCompile>
    <ClCompile Include="CPPFILES\Classes.cpp">
      <Filter>Source Files</Filter>
    </ClCompile>
    <ClCompile Include="CPPFILES\Goomba.cpp">
      <Filter>Source Files</Filter>
    </ClCompile>
    <ClCompile Include="CPPFILES\BounceBlock.cpp">
      <Filter>Source Files</Filter>
    </ClCompile>
  </ItemGroup>
  <ItemGroup>
    <ClInclude Include="CPPFILES\HFILES\Enemy.h">
      <Filter>Header Files</Filter>
    </ClInclude>
    <ClInclude Include="CPPFILES\HFILES\Keyboard.h">
      <Filter>Header Files</Filter>
    </ClInclude>
    <ClInclude Include="CPPFILES\HFILES\mappy_A5.h">
      <Filter>Header Files</Filter>
    </ClInclude>
    <ClInclude Include="CPPFILES\HFILES\Mario.h">
      <Filter>Header Files</Filter>
    </ClInclude>
    <ClInclude Include="CPPFILES\HFILES\Player.h">
      <Filter>Header Files</Filter>
    </ClInclude>
    <ClInclude Include="CPPFILES\HFILES\PowerUp.h">
      <Filter>Header Files</Filter>
    </ClInclude>
    <ClInclude Include="CPPFILES\HFILES\Score.h">
      <Filter>Header Files</Filter>
    </ClInclude>
    <ClInclude Include="CPPFILES\HFILES\Sound.h">
      <Filter>Header Files</Filter>
    </ClInclude>
    <ClInclude Include="CPPFILES\HFILES\State.h">
      <Filter>Header Files</Filter>
    </ClInclude>
    <ClInclude Include="CPPFILES\HFILES\Timer.h">
      <Filter>Header Files</Filter>
    </ClInclude>
    <ClInclude Include="CPPFILES\HFILES\Background.h">
      <Filter>Header Files</Filter>
    </ClInclude>
    <ClInclude Include="CPPFILES\HFILES\Classes.h">
      <Filter>Header Files</Filter>
    </ClInclude>
    <ClInclude Include="CPPFILES\HFILES\Collision.h">
      <Filter>Header Files</Filter>
    </ClInclude>
    <ClInclude Include="CPPFILES\HFILES\Database.h">
      <Filter>Header Files</Filter>
    </ClInclude>
    <ClInclude Include="CPPFILES\HFILES\Display.h">
      <Filter>Header Files</Filter>
    </ClInclude>
    <ClInclude Include="CPPFILES\HFILES\GameObject.h">
      <Filter>Header Files</Filter>
    </ClInclude>
    <ClInclude Include="CPPFILES\HFILES\Goomba.h">
      <Filter>Header Files</Filter>
    </ClInclude>
    <ClInclude Include="CPPFILES\HFILES\BounceBlock.h">
      <Filter>Header Files</Filter>
    </ClInclude>
  </ItemGroup>
</Project>